// !$*UTF8*$!
{
	archiveVersion = 1;
	classes = {
	};
	objectVersion = 46;
	objects = {

/* Begin PBXBuildFile section */
		C7C3E49714F88A0400321D2E /* UIKit.framework in Frameworks */ = {isa = PBXBuildFile; fileRef = C7C3E49614F88A0400321D2E /* UIKit.framework */; };
		C7C3E49914F88A0400321D2E /* Foundation.framework in Frameworks */ = {isa = PBXBuildFile; fileRef = C7C3E49814F88A0400321D2E /* Foundation.framework */; };
		C7C3E49B14F88A0400321D2E /* CoreGraphics.framework in Frameworks */ = {isa = PBXBuildFile; fileRef = C7C3E49A14F88A0400321D2E /* CoreGraphics.framework */; };
		C7C3E4A114F88A0400321D2E /* InfoPlist.strings in Resources */ = {isa = PBXBuildFile; fileRef = C7C3E49F14F88A0400321D2E /* InfoPlist.strings */; };
		C7C3E4A314F88A0400321D2E /* main.m in Sources */ = {isa = PBXBuildFile; fileRef = C7C3E4A214F88A0400321D2E /* main.m */; };
		C7C3E4A714F88A0400321D2E /* AppDelegate.m in Sources */ = {isa = PBXBuildFile; fileRef = C7C3E4A614F88A0400321D2E /* AppDelegate.m */; };
		C7C3E4AF14F88A0400321D2E /* SenTestingKit.framework in Frameworks */ = {isa = PBXBuildFile; fileRef = C7C3E4AE14F88A0400321D2E /* SenTestingKit.framework */; };
		C7C3E4B014F88A0400321D2E /* UIKit.framework in Frameworks */ = {isa = PBXBuildFile; fileRef = C7C3E49614F88A0400321D2E /* UIKit.framework */; };
		C7C3E4B114F88A0400321D2E /* Foundation.framework in Frameworks */ = {isa = PBXBuildFile; fileRef = C7C3E49814F88A0400321D2E /* Foundation.framework */; };
		C7C3E4B914F88A0400321D2E /* InfoPlist.strings in Resources */ = {isa = PBXBuildFile; fileRef = C7C3E4B714F88A0400321D2E /* InfoPlist.strings */; };
		C7C3E4BC14F88A0400321D2E /* FirstIphoneAppTests.m in Sources */ = {isa = PBXBuildFile; fileRef = C7C3E4BB14F88A0400321D2E /* FirstIphoneAppTests.m */; };
/* End PBXBuildFile section */

/* Begin PBXContainerItemProxy section */
		C7C3E4B214F88A0400321D2E /* PBXContainerItemProxy */ = {
			isa = PBXContainerItemProxy;
			containerPortal = C7C3E48914F88A0400321D2E /* Project object */;
			proxyType = 1;
			remoteGlobalIDString = C7C3E49114F88A0400321D2E;
			remoteInfo = FirstIphoneApp;
		};
/* End PBXContainerItemProxy section */

/* Begin PBXFileReference section */
		C7C3E49214F88A0400321D2E /* FirstIphoneApp.app */ = {isa = PBXFileReference; explicitFileType = wrapper.application; includeInIndex = 0; path = FirstIphoneApp.app; sourceTree = BUILT_PRODUCTS_DIR; };
		C7C3E49614F88A0400321D2E /* UIKit.framework */ = {isa = PBXFileReference; lastKnownFileType = wrapper.framework; name = UIKit.framework; path = System/Library/Frameworks/UIKit.framework; sourceTree = SDKROOT; };
		C7C3E49814F88A0400321D2E /* Foundation.framework */ = {isa = PBXFileReference; lastKnownFileType = wrapper.framework; name = Foundation.framework; path = System/Library/Frameworks/Foundation.framework; sourceTree = SDKROOT; };
		C7C3E49A14F88A0400321D2E /* CoreGraphics.framework */ = {isa = PBXFileReference; lastKnownFileType = wrapper.framework; name = CoreGraphics.framework; path = System/Library/Frameworks/CoreGraphics.framework; sourceTree = SDKROOT; };
		C7C3E49E14F88A0400321D2E /* FirstIphoneApp-Info.plist */ = {isa = PBXFileReference; lastKnownFileType = text.plist.xml; path = "FirstIphoneApp-Info.plist"; sourceTree = "<group>"; };
		C7C3E4A014F88A0400321D2E /* en */ = {isa = PBXFileReference; lastKnownFileType = text.plist.strings; name = en; path = en.lproj/InfoPlist.strings; sourceTree = "<group>"; };
		C7C3E4A214F88A0400321D2E /* main.m */ = {isa = PBXFileReference; lastKnownFileType = sourcecode.c.objc; path = main.m; sourceTree = "<group>"; };
		C7C3E4A414F88A0400321D2E /* FirstIphoneApp-Prefix.pch */ = {isa = PBXFileReference; lastKnownFileType = sourcecode.c.h; path = "FirstIphoneApp-Prefix.pch"; sourceTree = "<group>"; };
		C7C3E4A514F88A0400321D2E /* AppDelegate.h */ = {isa = PBXFileReference; lastKnownFileType = sourcecode.c.h; path = AppDelegate.h; sourceTree = "<group>"; };
		C7C3E4A614F88A0400321D2E /* AppDelegate.m */ = {isa = PBXFileReference; lastKnownFileType = sourcecode.c.objc; path = AppDelegate.m; sourceTree = "<group>"; };
		C7C3E4AD14F88A0400321D2E /* FirstIphoneAppTests.octest */ = {isa = PBXFileReference; explicitFileType = wrapper.cfbundle; includeInIndex = 0; path = FirstIphoneAppTests.octest; sourceTree = BUILT_PRODUCTS_DIR; };
		C7C3E4AE14F88A0400321D2E /* SenTestingKit.framework */ = {isa = PBXFileReference; lastKnownFileType = wrapper.framework; name = SenTestingKit.framework; path = Library/Frameworks/SenTestingKit.framework; sourceTree = DEVELOPER_DIR; };
		C7C3E4B614F88A0400321D2E /* FirstIphoneAppTests-Info.plist */ = {isa = PBXFileReference; lastKnownFileType = text.plist.xml; path = "FirstIphoneAppTests-Info.plist"; sourceTree = "<group>"; };
		C7C3E4B814F88A0400321D2E /* en */ = {isa = PBXFileReference; lastKnownFileType = text.plist.strings; name = en; path = en.lproj/InfoPlist.strings; sourceTree = "<group>"; };
		C7C3E4BA14F88A0400321D2E /* FirstIphoneAppTests.h */ = {isa = PBXFileReference; lastKnownFileType = sourcecode.c.h; path = FirstIphoneAppTests.h; sourceTree = "<group>"; };
		C7C3E4BB14F88A0400321D2E /* FirstIphoneAppTests.m */ = {isa = PBXFileReference; lastKnownFileType = sourcecode.c.objc; path = FirstIphoneAppTests.m; sourceTree = "<group>"; };
/* End PBXFileReference section */

/* Begin PBXFrameworksBuildPhase section */
		C7C3E48F14F88A0400321D2E /* Frameworks */ = {
			isa = PBXFrameworksBuildPhase;
			buildActionMask = 2147483647;
			files = (
				C7C3E49714F88A0400321D2E /* UIKit.framework in Frameworks */,
				C7C3E49914F88A0400321D2E /* Foundation.framework in Frameworks */,
				C7C3E49B14F88A0400321D2E /* CoreGraphics.framework in Frameworks */,
			);
			runOnlyForDeploymentPostprocessing = 0;
		};
		C7C3E4A914F88A0400321D2E /* Frameworks */ = {
			isa = PBXFrameworksBuildPhase;
			buildActionMask = 2147483647;
			files = (
				C7C3E4AF14F88A0400321D2E /* SenTestingKit.framework in Frameworks */,
				C7C3E4B014F88A0400321D2E /* UIKit.framework in Frameworks */,
				C7C3E4B114F88A0400321D2E /* Foundation.framework in Frameworks */,
			);
			runOnlyForDeploymentPostprocessing = 0;
		};
/* End PBXFrameworksBuildPhase section */

/* Begin PBXGroup section */
		C7C3E48714F88A0400321D2E = {
			isa = PBXGroup;
			children = (
				C7C3E49C14F88A0400321D2E /* FirstIphoneApp */,
				C7C3E4B414F88A0400321D2E /* FirstIphoneAppTests */,
				C7C3E49514F88A0400321D2E /* Frameworks */,
				C7C3E49314F88A0400321D2E /* Products */,
			);
			sourceTree = "<group>";
		};
		C7C3E49314F88A0400321D2E /* Products */ = {
			isa = PBXGroup;
			children = (
				C7C3E49214F88A0400321D2E /* FirstIphoneApp.app */,
				C7C3E4AD14F88A0400321D2E /* FirstIphoneAppTests.octest */,
			);
			name = Products;
			sourceTree = "<group>";
		};
		C7C3E49514F88A0400321D2E /* Frameworks */ = {
			isa = PBXGroup;
			children = (
				C7C3E49614F88A0400321D2E /* UIKit.framework */,
				C7C3E49814F88A0400321D2E /* Foundation.framework */,
				C7C3E49A14F88A0400321D2E /* CoreGraphics.framework */,
				C7C3E4AE14F88A0400321D2E /* SenTestingKit.framework */,
			);
			name = Frameworks;
			sourceTree = "<group>";
		};
		C7C3E49C14F88A0400321D2E /* FirstIphoneApp */ = {
			isa = PBXGroup;
			children = (
				C7C3E4A514F88A0400321D2E /* AppDelegate.h */,
				C7C3E4A614F88A0400321D2E /* AppDelegate.m */,
				C7C3E49D14F88A0400321D2E /* Supporting Files */,
			);
			path = FirstIphoneApp;
			sourceTree = "<group>";
		};
		C7C3E49D14F88A0400321D2E /* Supporting Files */ = {
			isa = PBXGroup;
			children = (
				C7C3E49E14F88A0400321D2E /* FirstIphoneApp-Info.plist */,
				C7C3E49F14F88A0400321D2E /* InfoPlist.strings */,
				C7C3E4A214F88A0400321D2E /* main.m */,
				C7C3E4A414F88A0400321D2E /* FirstIphoneApp-Prefix.pch */,
			);
			name = "Supporting Files";
			sourceTree = "<group>";
		};
		C7C3E4B414F88A0400321D2E /* FirstIphoneAppTests */ = {
			isa = PBXGroup;
			children = (
				C7C3E4BA14F88A0400321D2E /* FirstIphoneAppTests.h */,
				C7C3E4BB14F88A0400321D2E /* FirstIphoneAppTests.m */,
				C7C3E4B514F88A0400321D2E /* Supporting Files */,
			);
			path = FirstIphoneAppTests;
			sourceTree = "<group>";
		};
		C7C3E4B514F88A0400321D2E /* Supporting Files */ = {
			isa = PBXGroup;
			children = (
				C7C3E4B614F88A0400321D2E /* FirstIphoneAppTests-Info.plist */,
				C7C3E4B714F88A0400321D2E /* InfoPlist.strings */,
			);
			name = "Supporting Files";
			sourceTree = "<group>";
		};
/* End PBXGroup section */

/* Begin PBXNativeTarget section */
		C7C3E49114F88A0400321D2E /* FirstIphoneApp */ = {
			isa = PBXNativeTarget;
			buildConfigurationList = C7C3E4BF14F88A0400321D2E /* Build configuration list for PBXNativeTarget "FirstIphoneApp" */;
			buildPhases = (
				C7C3E48E14F88A0400321D2E /* Sources */,
				C7C3E48F14F88A0400321D2E /* Frameworks */,
				C7C3E49014F88A0400321D2E /* Resources */,
			);
			buildRules = (
			);
			dependencies = (
			);
			name = FirstIphoneApp;
			productName = FirstIphoneApp;
			productReference = C7C3E49214F88A0400321D2E /* FirstIphoneApp.app */;
			productType = "com.apple.product-type.application";
		};
		C7C3E4AC14F88A0400321D2E /* FirstIphoneAppTests */ = {
			isa = PBXNativeTarget;
			buildConfigurationList = C7C3E4C214F88A0400321D2E /* Build configuration list for PBXNativeTarget "FirstIphoneAppTests" */;
			buildPhases = (
				C7C3E4A814F88A0400321D2E /* Sources */,
				C7C3E4A914F88A0400321D2E /* Frameworks */,
				C7C3E4AA14F88A0400321D2E /* Resources */,
				C7C3E4AB14F88A0400321D2E /* ShellScript */,
			);
			buildRules = (
			);
			dependencies = (
				C7C3E4B314F88A0400321D2E /* PBXTargetDependency */,
			);
			name = FirstIphoneAppTests;
			productName = FirstIphoneAppTests;
			productReference = C7C3E4AD14F88A0400321D2E /* FirstIphoneAppTests.octest */;
			productType = "com.apple.product-type.bundle";
		};
/* End PBXNativeTarget section */

/* Begin PBXProject section */
		C7C3E48914F88A0400321D2E /* Project object */ = {
			isa = PBXProject;
			attributes = {
				LastUpgradeCheck = 0420;
			};
			buildConfigurationList = C7C3E48C14F88A0400321D2E /* Build configuration list for PBXProject "FirstIphoneApp" */;
			compatibilityVersion = "Xcode 3.2";
			developmentRegion = English;
			hasScannedForEncodings = 0;
			knownRegions = (
				en,
			);
			mainGroup = C7C3E48714F88A0400321D2E;
			productRefGroup = C7C3E49314F88A0400321D2E /* Products */;
			projectDirPath = "";
			projectRoot = "";
			targets = (
				C7C3E49114F88A0400321D2E /* FirstIphoneApp */,
				C7C3E4AC14F88A0400321D2E /* FirstIphoneAppTests */,
			);
		};
/* End PBXProject section */

/* Begin PBXResourcesBuildPhase section */
		C7C3E49014F88A0400321D2E /* Resources */ = {
			isa = PBXResourcesBuildPhase;
			buildActionMask = 2147483647;
			files = (
				C7C3E4A114F88A0400321D2E /* InfoPlist.strings in Resources */,
			);
			runOnlyForDeploymentPostprocessing = 0;
		};
		C7C3E4AA14F88A0400321D2E /* Resources */ = {
			isa = PBXResourcesBuildPhase;
			buildActionMask = 2147483647;
			files = (
				C7C3E4B914F88A0400321D2E /* InfoPlist.strings in Resources */,
			);
			runOnlyForDeploymentPostprocessing = 0;
		};
/* End PBXResourcesBuildPhase section */

/* Begin PBXShellScriptBuildPhase section */
		C7C3E4AB14F88A0400321D2E /* ShellScript */ = {
			isa = PBXShellScriptBuildPhase;
			buildActionMask = 2147483647;
			files = (
			);
			inputPaths = (
			);
			outputPaths = (
			);
			runOnlyForDeploymentPostprocessing = 0;
			shellPath = /bin/sh;
			shellScript = "# Run the unit tests in this test bundle.\n\"${SYSTEM_DEVELOPER_DIR}/Tools/RunUnitTests\"\n";
		};
/* End PBXShellScriptBuildPhase section */

/* Begin PBXSourcesBuildPhase section */
		C7C3E48E14F88A0400321D2E /* Sources */ = {
			isa = PBXSourcesBuildPhase;
			buildActionMask = 2147483647;
			files = (
				C7C3E4A314F88A0400321D2E /* main.m in Sources */,
				C7C3E4A714F88A0400321D2E /* AppDelegate.m in Sources */,
			);
			runOnlyForDeploymentPostprocessing = 0;
		};
		C7C3E4A814F88A0400321D2E /* Sources */ = {
			isa = PBXSourcesBuildPhase;
			buildActionMask = 2147483647;
			files = (
				C7C3E4BC14F88A0400321D2E /* FirstIphoneAppTests.m in Sources */,
			);
			runOnlyForDeploymentPostprocessing = 0;
		};
/* End PBXSourcesBuildPhase section */

/* Begin PBXTargetDependency section */
		C7C3E4B314F88A0400321D2E /* PBXTargetDependency */ = {
			isa = PBXTargetDependency;
			target = C7C3E49114F88A0400321D2E /* FirstIphoneApp */;
			targetProxy = C7C3E4B214F88A0400321D2E /* PBXContainerItemProxy */;
		};
/* End PBXTargetDependency section */

/* Begin PBXVariantGroup section */
		C7C3E49F14F88A0400321D2E /* InfoPlist.strings */ = {
			isa = PBXVariantGroup;
			children = (
				C7C3E4A014F88A0400321D2E /* en */,
			);
			name = InfoPlist.strings;
			sourceTree = "<group>";
		};
		C7C3E4B714F88A0400321D2E /* InfoPlist.strings */ = {
			isa = PBXVariantGroup;
			children = (
				C7C3E4B814F88A0400321D2E /* en */,
			);
			name = InfoPlist.strings;
			sourceTree = "<group>";
		};
/* End PBXVariantGroup section */

/* Begin XCBuildConfiguration section */
		C7C3E4BD14F88A0400321D2E /* Debug */ = {
			isa = XCBuildConfiguration;
			buildSettings = {
				ALWAYS_SEARCH_USER_PATHS = NO;
				ARCHS = "$(ARCHS_STANDARD_32_BIT)";
				CLANG_ENABLE_OBJC_ARC = YES;
				"CODE_SIGN_IDENTITY[sdk=iphoneos*]" = "iPhone Developer";
				COPY_PHASE_STRIP = NO;
				GCC_C_LANGUAGE_STANDARD = gnu99;
				GCC_DYNAMIC_NO_PIC = NO;
				GCC_OPTIMIZATION_LEVEL = 0;
				GCC_PREPROCESSOR_DEFINITIONS = (
					"DEBUG=1",
					"$(inherited)",
				);
				GCC_SYMBOLS_PRIVATE_EXTERN = NO;
				GCC_VERSION = com.apple.compilers.llvm.clang.1_0;
				GCC_WARN_ABOUT_MISSING_PROTOTYPES = YES;
				GCC_WARN_ABOUT_RETURN_TYPE = YES;
				GCC_WARN_UNUSED_VARIABLE = YES;
				IPHONEOS_DEPLOYMENT_TARGET = 5.0;
				SDKROOT = iphoneos;
				TARGETED_DEVICE_FAMILY = "1,2";
			};
			name = Debug;
		};
		C7C3E4BE14F88A0400321D2E /* Release */ = {
			isa = XCBuildConfiguration;
			buildSettings = {
				ALWAYS_SEARCH_USER_PATHS = NO;
				ARCHS = "$(ARCHS_STANDARD_32_BIT)";
				CLANG_ENABLE_OBJC_ARC = YES;
				"CODE_SIGN_IDENTITY[sdk=iphoneos*]" = "iPhone Developer";
				COPY_PHASE_STRIP = YES;
				GCC_C_LANGUAGE_STANDARD = gnu99;
				GCC_VERSION = com.apple.compilers.llvm.clang.1_0;
				GCC_WARN_ABOUT_MISSING_PROTOTYPES = YES;
				GCC_WARN_ABOUT_RETURN_TYPE = YES;
				GCC_WARN_UNUSED_VARIABLE = YES;
				IPHONEOS_DEPLOYMENT_TARGET = 5.0;
				OTHER_CFLAGS = "-DNS_BLOCK_ASSERTIONS=1";
				SDKROOT = iphoneos;
				TARGETED_DEVICE_FAMILY = "1,2";
				VALIDATE_PRODUCT = YES;
			};
			name = Release;
		};
		C7C3E4C014F88A0400321D2E /* Debug */ = {
			isa = XCBuildConfiguration;
			buildSettings = {
				GCC_PRECOMPILE_PREFIX_HEADER = YES;
				GCC_PREFIX_HEADER = "FirstIphoneApp/FirstIphoneApp-Prefix.pch";
				INFOPLIST_FILE = "FirstIphoneApp/FirstIphoneApp-Info.plist";
				PRODUCT_NAME = "$(TARGET_NAME)";
				WRAPPER_EXTENSION = app;
			};
			name = Debug;
		};
		C7C3E4C114F88A0400321D2E /* Release */ = {
			isa = XCBuildConfiguration;
			buildSettings = {
				GCC_PRECOMPILE_PREFIX_HEADER = YES;
				GCC_PREFIX_HEADER = "FirstIphoneApp/FirstIphoneApp-Prefix.pch";
				INFOPLIST_FILE = "FirstIphoneApp/FirstIphoneApp-Info.plist";
				PRODUCT_NAME = "$(TARGET_NAME)";
				WRAPPER_EXTENSION = app;
			};
			name = Release;
		};
		C7C3E4C314F88A0400321D2E /* Debug */ = {
			isa = XCBuildConfiguration;
			buildSettings = {
				BUNDLE_LOADER = "$(BUILT_PRODUCTS_DIR)/FirstIphoneApp.app/FirstIphoneApp";
				FRAMEWORK_SEARCH_PATHS = (
					"$(SDKROOT)/Developer/Library/Frameworks",
					"$(DEVELOPER_LIBRARY_DIR)/Frameworks",
				);
				GCC_PRECOMPILE_PREFIX_HEADER = YES;
				GCC_PREFIX_HEADER = "FirstIphoneApp/FirstIphoneApp-Prefix.pch";
				INFOPLIST_FILE = "FirstIphoneAppTests/FirstIphoneAppTests-Info.plist";
				PRODUCT_NAME = "$(TARGET_NAME)";
				TEST_HOST = "$(BUNDLE_LOADER)";
				WRAPPER_EXTENSION = octest;
			};
			name = Debug;
		};
		C7C3E4C414F88A0400321D2E /* Release */ = {
			isa = XCBuildConfiguration;
			buildSettings = {
				BUNDLE_LOADER = "$(BUILT_PRODUCTS_DIR)/FirstIphoneApp.app/FirstIphoneApp";
				FRAMEWORK_SEARCH_PATHS = (
					"$(SDKROOT)/Developer/Library/Frameworks",
					"$(DEVELOPER_LIBRARY_DIR)/Frameworks",
				);
				GCC_PRECOMPILE_PREFIX_HEADER = YES;
				GCC_PREFIX_HEADER = "FirstIphoneApp/FirstIphoneApp-Prefix.pch";
				INFOPLIST_FILE = "FirstIphoneAppTests/FirstIphoneAppTests-Info.plist";
				PRODUCT_NAME = "$(TARGET_NAME)";
				TEST_HOST = "$(BUNDLE_LOADER)";
				WRAPPER_EXTENSION = octest;
			};
			name = Release;
		};
/* End XCBuildConfiguration section */

/* Begin XCConfigurationList section */
		C7C3E48C14F88A0400321D2E /* Build configuration list for PBXProject "FirstIphoneApp" */ = {
			isa = XCConfigurationList;
			buildConfigurations = (
				C7C3E4BD14F88A0400321D2E /* Debug */,
				C7C3E4BE14F88A0400321D2E /* Release */,
			);
			defaultConfigurationIsVisible = 0;
			defaultConfigurationName = Release;
		};
		C7C3E4BF14F88A0400321D2E /* Build configuration list for PBXNativeTarget "FirstIphoneApp" */ = {
			isa = XCConfigurationList;
			buildConfigurations = (
				C7C3E4C014F88A0400321D2E /* Debug */,
				C7C3E4C114F88A0400321D2E /* Release */,
			);
			defaultConfigurationIsVisible = 0;
		};
		C7C3E4C214F88A0400321D2E /* Build configuration list for PBXNativeTarget "FirstIphoneAppTests" */ = {
			isa = XCConfigurationList;
			buildConfigurations = (
				C7C3E4C314F88A0400321D2E /* Debug */,
				C7C3E4C414F88A0400321D2E /* Release */,
			);
			defaultConfigurationIsVisible = 0;
		};
/* End XCConfigurationList section */
	};
	rootObject = C7C3E48914F88A0400321D2E /* Project object */;
}
