// !$*UTF8*$!
{
	archiveVersion = 1;
	classes = {
	};
	objectVersion = 46;
	objects = {

/* Begin PBXBuildFile section */
		C7C3E43114F8746F00321D2E /* Foundation.framework in Frameworks */ = {isa = PBXBuildFile; fileRef = C7C3E43014F8746F00321D2E /* Foundation.framework */; };
		C7C3E43414F8746F00321D2E /* main.m in Sources */ = {isa = PBXBuildFile; fileRef = C7C3E43314F8746F00321D2E /* main.m */; };
		C7C3E43814F8746F00321D2E /* learning.1 in CopyFiles */ = {isa = PBXBuildFile; fileRef = C7C3E43714F8746F00321D2E /* learning.1 */; };
/* End PBXBuildFile section */

/* Begin PBXCopyFilesBuildPhase section */
		C7C3E42A14F8746F00321D2E /* CopyFiles */ = {
			isa = PBXCopyFilesBuildPhase;
			buildActionMask = 2147483647;
			dstPath = /usr/share/man/man1/;
			dstSubfolderSpec = 0;
			files = (
				C7C3E43814F8746F00321D2E /* learning.1 in CopyFiles */,
			);
			runOnlyForDeploymentPostprocessing = 1;
		};
/* End PBXCopyFilesBuildPhase section */

/* Begin PBXFileReference section */
		C7C3E42C14F8746F00321D2E /* learning */ = {isa = PBXFileReference; explicitFileType = "compiled.mach-o.executable"; includeInIndex = 0; path = learning; sourceTree = BUILT_PRODUCTS_DIR; };
		C7C3E43014F8746F00321D2E /* Foundation.framework */ = {isa = PBXFileReference; lastKnownFileType = wrapper.framework; name = Foundation.framework; path = System/Library/Frameworks/Foundation.framework; sourceTree = SDKROOT; };
		C7C3E43314F8746F00321D2E /* main.m */ = {isa = PBXFileReference; lastKnownFileType = sourcecode.c.objc; path = main.m; sourceTree = "<group>"; };
		C7C3E43614F8746F00321D2E /* learning-Prefix.pch */ = {isa = PBXFileReference; lastKnownFileType = sourcecode.c.h; path = "learning-Prefix.pch"; sourceTree = "<group>"; };
		C7C3E43714F8746F00321D2E /* learning.1 */ = {isa = PBXFileReference; lastKnownFileType = text.man; path = learning.1; sourceTree = "<group>"; };
/* End PBXFileReference section */

/* Begin PBXFrameworksBuildPhase section */
		C7C3E42914F8746F00321D2E /* Frameworks */ = {
			isa = PBXFrameworksBuildPhase;
			buildActionMask = 2147483647;
			files = (
				C7C3E43114F8746F00321D2E /* Foundation.framework in Frameworks */,
			);
			runOnlyForDeploymentPostprocessing = 0;
		};
/* End PBXFrameworksBuildPhase section */

/* Begin PBXGroup section */
		C7C3E42114F8746E00321D2E = {
			isa = PBXGroup;
			children = (
				C7C3E43214F8746F00321D2E /* learning */,
				C7C3E42F14F8746F00321D2E /* Frameworks */,
				C7C3E42D14F8746F00321D2E /* Products */,
			);
			sourceTree = "<group>";
		};
		C7C3E42D14F8746F00321D2E /* Products */ = {
			isa = PBXGroup;
			children = (
				C7C3E42C14F8746F00321D2E /* learning */,
			);
			name = Products;
			sourceTree = "<group>";
		};
		C7C3E42F14F8746F00321D2E /* Frameworks */ = {
			isa = PBXGroup;
			children = (
				C7C3E43014F8746F00321D2E /* Foundation.framework */,
			);
			name = Frameworks;
			sourceTree = "<group>";
		};
		C7C3E43214F8746F00321D2E /* learning */ = {
			isa = PBXGroup;
			children = (
				C7C3E43314F8746F00321D2E /* main.m */,
				C7C3E43714F8746F00321D2E /* learning.1 */,
				C7C3E43514F8746F00321D2E /* Supporting Files */,
			);
			path = learning;
			sourceTree = "<group>";
		};
		C7C3E43514F8746F00321D2E /* Supporting Files */ = {
			isa = PBXGroup;
			children = (
				C7C3E43614F8746F00321D2E /* learning-Prefix.pch */,
			);
			name = "Supporting Files";
			sourceTree = "<group>";
		};
/* End PBXGroup section */

/* Begin PBXNativeTarget section */
		C7C3E42B14F8746F00321D2E /* learning */ = {
			isa = PBXNativeTarget;
			buildConfigurationList = C7C3E43B14F8746F00321D2E /* Build configuration list for PBXNativeTarget "learning" */;
			buildPhases = (
				C7C3E42814F8746F00321D2E /* Sources */,
				C7C3E42914F8746F00321D2E /* Frameworks */,
				C7C3E42A14F8746F00321D2E /* CopyFiles */,
			);
			buildRules = (
			);
			dependencies = (
			);
			name = learning;
			productName = learning;
			productReference = C7C3E42C14F8746F00321D2E /* learning */;
			productType = "com.apple.product-type.tool";
		};
/* End PBXNativeTarget section */

/* Begin PBXProject section */
		C7C3E42314F8746E00321D2E /* Project object */ = {
			isa = PBXProject;
			attributes = {
				LastUpgradeCheck = 0420;
			};
			buildConfigurationList = C7C3E42614F8746E00321D2E /* Build configuration list for PBXProject "learning" */;
			compatibilityVersion = "Xcode 3.2";
			developmentRegion = English;
			hasScannedForEncodings = 0;
			knownRegions = (
				en,
			);
			mainGroup = C7C3E42114F8746E00321D2E;
			productRefGroup = C7C3E42D14F8746F00321D2E /* Products */;
			projectDirPath = "";
			projectRoot = "";
			targets = (
				C7C3E42B14F8746F00321D2E /* learning */,
			);
		};
/* End PBXProject section */

/* Begin PBXSourcesBuildPhase section */
		C7C3E42814F8746F00321D2E /* Sources */ = {
			isa = PBXSourcesBuildPhase;
			buildActionMask = 2147483647;
			files = (
				C7C3E43414F8746F00321D2E /* main.m in Sources */,
			);
			runOnlyForDeploymentPostprocessing = 0;
		};
/* End PBXSourcesBuildPhase section */

/* Begin XCBuildConfiguration section */
		C7C3E43914F8746F00321D2E /* Debug */ = {
			isa = XCBuildConfiguration;
			buildSettings = {
				ALWAYS_SEARCH_USER_PATHS = NO;
				ARCHS = "$(ARCHS_STANDARD_64_BIT)";
				CLANG_ENABLE_OBJC_ARC = YES;
				COPY_PHASE_STRIP = NO;
				GCC_C_LANGUAGE_STANDARD = gnu99;
				GCC_DYNAMIC_NO_PIC = NO;
				GCC_ENABLE_OBJC_EXCEPTIONS = YES;
				GCC_OPTIMIZATION_LEVEL = 0;
				GCC_PREPROCESSOR_DEFINITIONS = (
					"DEBUG=1",
					"$(inherited)",
				);
				GCC_SYMBOLS_PRIVATE_EXTERN = NO;
				GCC_VERSION = com.apple.compilers.llvm.clang.1_0;
				GCC_WARN_64_TO_32_BIT_CONVERSION = YES;
				GCC_WARN_ABOUT_MISSING_PROTOTYPES = YES;
				GCC_WARN_ABOUT_RETURN_TYPE = YES;
				GCC_WARN_UNUSED_VARIABLE = YES;
				MACOSX_DEPLOYMENT_TARGET = 10.7;
				ONLY_ACTIVE_ARCH = YES;
				SDKROOT = macosx;
			};
			name = Debug;
		};
		C7C3E43A14F8746F00321D2E /* Release */ = {
			isa = XCBuildConfiguration;
			buildSettings = {
				ALWAYS_SEARCH_USER_PATHS = NO;
				ARCHS = "$(ARCHS_STANDARD_64_BIT)";
				CLANG_ENABLE_OBJC_ARC = YES;
				COPY_PHASE_STRIP = YES;
				DEBUG_INFORMATION_FORMAT = "dwarf-with-dsym";
				GCC_C_LANGUAGE_STANDARD = gnu99;
				GCC_ENABLE_OBJC_EXCEPTIONS = YES;
				GCC_VERSION = com.apple.compilers.llvm.clang.1_0;
				GCC_WARN_64_TO_32_BIT_CONVERSION = YES;
				GCC_WARN_ABOUT_MISSING_PROTOTYPES = YES;
				GCC_WARN_ABOUT_RETURN_TYPE = YES;
				GCC_WARN_UNUSED_VARIABLE = YES;
				MACOSX_DEPLOYMENT_TARGET = 10.7;
				SDKROOT = macosx;
			};
			name = Release;
		};
		C7C3E43C14F8746F00321D2E /* Debug */ = {
			isa = XCBuildConfiguration;
			buildSettings = {
				GCC_PRECOMPILE_PREFIX_HEADER = YES;
				GCC_PREFIX_HEADER = "learning/learning-Prefix.pch";
				PRODUCT_NAME = "$(TARGET_NAME)";
			};
			name = Debug;
		};
		C7C3E43D14F8746F00321D2E /* Release */ = {
			isa = XCBuildConfiguration;
			buildSettings = {
				GCC_PRECOMPILE_PREFIX_HEADER = YES;
				GCC_PREFIX_HEADER = "learning/learning-Prefix.pch";
				PRODUCT_NAME = "$(TARGET_NAME)";
			};
			name = Release;
		};
/* End XCBuildConfiguration section */

/* Begin XCConfigurationList section */
		C7C3E42614F8746E00321D2E /* Build configuration list for PBXProject "learning" */ = {
			isa = XCConfigurationList;
			buildConfigurations = (
				C7C3E43914F8746F00321D2E /* Debug */,
				C7C3E43A14F8746F00321D2E /* Release */,
			);
			defaultConfigurationIsVisible = 0;
			defaultConfigurationName = Release;
		};
		C7C3E43B14F8746F00321D2E /* Build configuration list for PBXNativeTarget "learning" */ = {
			isa = XCConfigurationList;
			buildConfigurations = (
				C7C3E43C14F8746F00321D2E /* Debug */,
				C7C3E43D14F8746F00321D2E /* Release */,
			);
			defaultConfigurationIsVisible = 0;
		};
/* End XCConfigurationList section */
	};
	rootObject = C7C3E42314F8746E00321D2E /* Project object */;
}
